// !$*UTF8*$!
{
	archiveVersion = 1;
	classes = {
	};
	objectVersion = 55;
	objects = {

/* Begin PBXBuildFile section */
		E1572BAB28B4006600800780 /* AppDelegate.swift in Sources */ = {isa = PBXBuildFile; fileRef = E1572BAA28B4006600800780 /* AppDelegate.swift */; };
		E1572BAD28B4006600800780 /* SceneDelegate.swift in Sources */ = {isa = PBXBuildFile; fileRef = E1572BAC28B4006600800780 /* SceneDelegate.swift */; };
		E1572BB428B4006600800780 /* Assets.xcassets in Resources */ = {isa = PBXBuildFile; fileRef = E1572BB328B4006600800780 /* Assets.xcassets */; };
		E1572BB728B4006600800780 /* LaunchScreen.storyboard in Resources */ = {isa = PBXBuildFile; fileRef = E1572BB528B4006600800780 /* LaunchScreen.storyboard */; };
		E1572BC228B4006600800780 /* ExpenseTrackerTests.swift in Sources */ = {isa = PBXBuildFile; fileRef = E1572BC128B4006600800780 /* ExpenseTrackerTests.swift */; };
		E1572BCC28B4006600800780 /* ExpenseTrackerUITests.swift in Sources */ = {isa = PBXBuildFile; fileRef = E1572BCB28B4006600800780 /* ExpenseTrackerUITests.swift */; };
		E1572BCE28B4006600800780 /* ExpenseTrackerUITestsLaunchTests.swift in Sources */ = {isa = PBXBuildFile; fileRef = E1572BCD28B4006600800780 /* ExpenseTrackerUITestsLaunchTests.swift */; };
		E1572BED28B4026800800780 /* ExpensesListViewController.swift in Sources */ = {isa = PBXBuildFile; fileRef = E1572BEC28B4026800800780 /* ExpensesListViewController.swift */; };
		E1572BEF28B4028F00800780 /* ExpensesListProtocols.swift in Sources */ = {isa = PBXBuildFile; fileRef = E1572BEE28B4028F00800780 /* ExpensesListProtocols.swift */; };
		E1572BF128B4039C00800780 /* ExpensesListInteractor.swift in Sources */ = {isa = PBXBuildFile; fileRef = E1572BF028B4039C00800780 /* ExpensesListInteractor.swift */; };
		E1572BF328B403A900800780 /* ExpensesListPresenter.swift in Sources */ = {isa = PBXBuildFile; fileRef = E1572BF228B403A900800780 /* ExpensesListPresenter.swift */; };
		E1572BF528B403B900800780 /* ExpensesListEntity.swift in Sources */ = {isa = PBXBuildFile; fileRef = E1572BF428B403B900800780 /* ExpensesListEntity.swift */; };
		E1572BF728B403C400800780 /* ExpensesListRouter.swift in Sources */ = {isa = PBXBuildFile; fileRef = E1572BF628B403C400800780 /* ExpensesListRouter.swift */; };
		E1572BF928B40AD600800780 /* AddTransactionEntity.swift in Sources */ = {isa = PBXBuildFile; fileRef = E1572BF828B40AD600800780 /* AddTransactionEntity.swift */; };
		E1572BFB28B40AE000800780 /* AddTransactionPresenter.swift in Sources */ = {isa = PBXBuildFile; fileRef = E1572BFA28B40AE000800780 /* AddTransactionPresenter.swift */; };
		E1572BFD28B40AEC00800780 /* AddTransactionViewController.swift in Sources */ = {isa = PBXBuildFile; fileRef = E1572BFC28B40AEC00800780 /* AddTransactionViewController.swift */; };
		E1572BFF28B40AFB00800780 /* AddTransactionProtocols.swift in Sources */ = {isa = PBXBuildFile; fileRef = E1572BFE28B40AFB00800780 /* AddTransactionProtocols.swift */; };
		E1572C0128B40B0700800780 /* AddTransactionInteractor.swift in Sources */ = {isa = PBXBuildFile; fileRef = E1572C0028B40B0700800780 /* AddTransactionInteractor.swift */; };
		E1572C0328B40B1000800780 /* AddTransactionRouter.swift in Sources */ = {isa = PBXBuildFile; fileRef = E1572C0228B40B1000800780 /* AddTransactionRouter.swift */; };
		E1572C0928B4904D00800780 /* UITableViewCellExtension.swift in Sources */ = {isa = PBXBuildFile; fileRef = E1572C0828B4904D00800780 /* UITableViewCellExtension.swift */; };
		E1572C0B28B490F100800780 /* UITableViewExtension.swift in Sources */ = {isa = PBXBuildFile; fileRef = E1572C0A28B490F100800780 /* UITableViewExtension.swift */; };
		E1572C0E28B4918500800780 /* Execute.swift in Sources */ = {isa = PBXBuildFile; fileRef = E1572C0D28B4918500800780 /* Execute.swift */; };
		E1572C1028B4921A00800780 /* ExpensesListTableViewCell.swift in Sources */ = {isa = PBXBuildFile; fileRef = E1572C0F28B4921A00800780 /* ExpensesListTableViewCell.swift */; };
		E1572C1328B493D000800780 /* Theme.swift in Sources */ = {isa = PBXBuildFile; fileRef = E1572C1228B493D000800780 /* Theme.swift */; };
		E1572C1A28B49A8A00800780 /* DoubleExtension.swift in Sources */ = {isa = PBXBuildFile; fileRef = E1572C1928B49A8A00800780 /* DoubleExtension.swift */; };
		E1572C1D28B4B71F00800780 /* PersistenceContainer.swift in Sources */ = {isa = PBXBuildFile; fileRef = E1572C1C28B4B71F00800780 /* PersistenceContainer.swift */; };
		E1572C2028B4B74B00800780 /* ExpenseTracker.xcdatamodeld in Sources */ = {isa = PBXBuildFile; fileRef = E1572C1E28B4B74B00800780 /* ExpenseTracker.xcdatamodeld */; };
		E1572C2C28B4BAED00800780 /* Transaction.swift in Sources */ = {isa = PBXBuildFile; fileRef = E1572C2A28B4BAED00800780 /* Transaction.swift */; };
		E1572C3028BC94E800800780 /* TransactionTextFieldTableCell.swift in Sources */ = {isa = PBXBuildFile; fileRef = E1572C2F28BC94E800800780 /* TransactionTextFieldTableCell.swift */; };
		E1572C3228BC951600800780 /* TransactionTypeTableCell.swift in Sources */ = {isa = PBXBuildFile; fileRef = E1572C3128BC951600800780 /* TransactionTypeTableCell.swift */; };
		E1572C3528BC955C00800780 /* RadioButtonView.swift in Sources */ = {isa = PBXBuildFile; fileRef = E1572C3428BC955C00800780 /* RadioButtonView.swift */; };
		E1572C3728BC9DDB00800780 /* RadioButtonOptionView.swift in Sources */ = {isa = PBXBuildFile; fileRef = E1572C3628BC9DDB00800780 /* RadioButtonOptionView.swift */; };
		E1572C3928BCBDBE00800780 /* AddTransactionDatasource.swift in Sources */ = {isa = PBXBuildFile; fileRef = E1572C3828BCBDBE00800780 /* AddTransactionDatasource.swift */; };
		E1572C3D28BCE0A200800780 /* AppStrings.swift in Sources */ = {isa = PBXBuildFile; fileRef = E1572C3C28BCE0A200800780 /* AppStrings.swift */; };
		E1572C4028BCEFD200800780 /* StringExtension.swift in Sources */ = {isa = PBXBuildFile; fileRef = E1572C3F28BCEFD200800780 /* StringExtension.swift */; };
		E1572C4328BD0C9E00800780 /* DatabaseHelper.swift in Sources */ = {isa = PBXBuildFile; fileRef = E1572C4228BD0C9E00800780 /* DatabaseHelper.swift */; };
		E1572C4528BD0CF700800780 /* ExpensesListDatasource.swift in Sources */ = {isa = PBXBuildFile; fileRef = E1572C4428BD0CF700800780 /* ExpensesListDatasource.swift */; };
		E1572C4928BD226800800780 /* DateFormatterExtension.swift in Sources */ = {isa = PBXBuildFile; fileRef = E1572C4828BD226800800780 /* DateFormatterExtension.swift */; };
		E1572C4C28BD3E7100800780 /* Logger.swift in Sources */ = {isa = PBXBuildFile; fileRef = E1572C4B28BD3E7100800780 /* Logger.swift */; };
/* End PBXBuildFile section */

/* Begin PBXContainerItemProxy section */
		E1572BBE28B4006600800780 /* PBXContainerItemProxy */ = {
			isa = PBXContainerItemProxy;
			containerPortal = E1572B9F28B4006500800780 /* Project object */;
			proxyType = 1;
			remoteGlobalIDString = E1572BA628B4006600800780;
			remoteInfo = ExpenseTracker;
		};
		E1572BC828B4006600800780 /* PBXContainerItemProxy */ = {
			isa = PBXContainerItemProxy;
			containerPortal = E1572B9F28B4006500800780 /* Project object */;
			proxyType = 1;
			remoteGlobalIDString = E1572BA628B4006600800780;
			remoteInfo = ExpenseTracker;
		};
/* End PBXContainerItemProxy section */

/* Begin PBXFileReference section */
		E1572BA728B4006600800780 /* ExpenseTracker.app */ = {isa = PBXFileReference; explicitFileType = wrapper.application; includeInIndex = 0; path = ExpenseTracker.app; sourceTree = BUILT_PRODUCTS_DIR; };
		E1572BAA28B4006600800780 /* AppDelegate.swift */ = {isa = PBXFileReference; lastKnownFileType = sourcecode.swift; path = AppDelegate.swift; sourceTree = "<group>"; };
		E1572BAC28B4006600800780 /* SceneDelegate.swift */ = {isa = PBXFileReference; lastKnownFileType = sourcecode.swift; path = SceneDelegate.swift; sourceTree = "<group>"; };
		E1572BB328B4006600800780 /* Assets.xcassets */ = {isa = PBXFileReference; lastKnownFileType = folder.assetcatalog; path = Assets.xcassets; sourceTree = "<group>"; };
		E1572BB628B4006600800780 /* Base */ = {isa = PBXFileReference; lastKnownFileType = file.storyboard; name = Base; path = Base.lproj/LaunchScreen.storyboard; sourceTree = "<group>"; };
		E1572BB828B4006600800780 /* Info.plist */ = {isa = PBXFileReference; lastKnownFileType = text.plist.xml; path = Info.plist; sourceTree = "<group>"; };
		E1572BBD28B4006600800780 /* ExpenseTrackerTests.xctest */ = {isa = PBXFileReference; explicitFileType = wrapper.cfbundle; includeInIndex = 0; path = ExpenseTrackerTests.xctest; sourceTree = BUILT_PRODUCTS_DIR; };
		E1572BC128B4006600800780 /* ExpenseTrackerTests.swift */ = {isa = PBXFileReference; lastKnownFileType = sourcecode.swift; path = ExpenseTrackerTests.swift; sourceTree = "<group>"; };
		E1572BC728B4006600800780 /* ExpenseTrackerUITests.xctest */ = {isa = PBXFileReference; explicitFileType = wrapper.cfbundle; includeInIndex = 0; path = ExpenseTrackerUITests.xctest; sourceTree = BUILT_PRODUCTS_DIR; };
		E1572BCB28B4006600800780 /* ExpenseTrackerUITests.swift */ = {isa = PBXFileReference; lastKnownFileType = sourcecode.swift; path = ExpenseTrackerUITests.swift; sourceTree = "<group>"; };
		E1572BCD28B4006600800780 /* ExpenseTrackerUITestsLaunchTests.swift */ = {isa = PBXFileReference; lastKnownFileType = sourcecode.swift; path = ExpenseTrackerUITestsLaunchTests.swift; sourceTree = "<group>"; };
		E1572BEC28B4026800800780 /* ExpensesListViewController.swift */ = {isa = PBXFileReference; lastKnownFileType = sourcecode.swift; path = ExpensesListViewController.swift; sourceTree = "<group>"; };
		E1572BEE28B4028F00800780 /* ExpensesListProtocols.swift */ = {isa = PBXFileReference; lastKnownFileType = sourcecode.swift; path = ExpensesListProtocols.swift; sourceTree = "<group>"; };
		E1572BF028B4039C00800780 /* ExpensesListInteractor.swift */ = {isa = PBXFileReference; lastKnownFileType = sourcecode.swift; path = ExpensesListInteractor.swift; sourceTree = "<group>"; };
		E1572BF228B403A900800780 /* ExpensesListPresenter.swift */ = {isa = PBXFileReference; lastKnownFileType = sourcecode.swift; path = ExpensesListPresenter.swift; sourceTree = "<group>"; };
		E1572BF428B403B900800780 /* ExpensesListEntity.swift */ = {isa = PBXFileReference; lastKnownFileType = sourcecode.swift; path = ExpensesListEntity.swift; sourceTree = "<group>"; };
		E1572BF628B403C400800780 /* ExpensesListRouter.swift */ = {isa = PBXFileReference; lastKnownFileType = sourcecode.swift; path = ExpensesListRouter.swift; sourceTree = "<group>"; };
		E1572BF828B40AD600800780 /* AddTransactionEntity.swift */ = {isa = PBXFileReference; lastKnownFileType = sourcecode.swift; path = AddTransactionEntity.swift; sourceTree = "<group>"; };
		E1572BFA28B40AE000800780 /* AddTransactionPresenter.swift */ = {isa = PBXFileReference; lastKnownFileType = sourcecode.swift; path = AddTransactionPresenter.swift; sourceTree = "<group>"; };
		E1572BFC28B40AEC00800780 /* AddTransactionViewController.swift */ = {isa = PBXFileReference; lastKnownFileType = sourcecode.swift; path = AddTransactionViewController.swift; sourceTree = "<group>"; };
		E1572BFE28B40AFB00800780 /* AddTransactionProtocols.swift */ = {isa = PBXFileReference; lastKnownFileType = sourcecode.swift; path = AddTransactionProtocols.swift; sourceTree = "<group>"; };
		E1572C0028B40B0700800780 /* AddTransactionInteractor.swift */ = {isa = PBXFileReference; lastKnownFileType = sourcecode.swift; path = AddTransactionInteractor.swift; sourceTree = "<group>"; };
		E1572C0228B40B1000800780 /* AddTransactionRouter.swift */ = {isa = PBXFileReference; lastKnownFileType = sourcecode.swift; path = AddTransactionRouter.swift; sourceTree = "<group>"; };
		E1572C0828B4904D00800780 /* UITableViewCellExtension.swift */ = {isa = PBXFileReference; lastKnownFileType = sourcecode.swift; path = UITableViewCellExtension.swift; sourceTree = "<group>"; };
		E1572C0A28B490F100800780 /* UITableViewExtension.swift */ = {isa = PBXFileReference; lastKnownFileType = sourcecode.swift; path = UITableViewExtension.swift; sourceTree = "<group>"; };
		E1572C0D28B4918500800780 /* Execute.swift */ = {isa = PBXFileReference; lastKnownFileType = sourcecode.swift; path = Execute.swift; sourceTree = "<group>"; };
		E1572C0F28B4921A00800780 /* ExpensesListTableViewCell.swift */ = {isa = PBXFileReference; lastKnownFileType = sourcecode.swift; path = ExpensesListTableViewCell.swift; sourceTree = "<group>"; };
		E1572C1228B493D000800780 /* Theme.swift */ = {isa = PBXFileReference; lastKnownFileType = sourcecode.swift; path = Theme.swift; sourceTree = "<group>"; };
		E1572C1928B49A8A00800780 /* DoubleExtension.swift */ = {isa = PBXFileReference; lastKnownFileType = sourcecode.swift; path = DoubleExtension.swift; sourceTree = "<group>"; };
		E1572C1C28B4B71F00800780 /* PersistenceContainer.swift */ = {isa = PBXFileReference; lastKnownFileType = sourcecode.swift; path = PersistenceContainer.swift; sourceTree = "<group>"; };
		E1572C1F28B4B74B00800780 /* ExpenseTracker.xcdatamodel */ = {isa = PBXFileReference; lastKnownFileType = wrapper.xcdatamodel; path = ExpenseTracker.xcdatamodel; sourceTree = "<group>"; };
		E1572C2A28B4BAED00800780 /* Transaction.swift */ = {isa = PBXFileReference; lastKnownFileType = sourcecode.swift; path = Transaction.swift; sourceTree = "<group>"; };
		E1572C2F28BC94E800800780 /* TransactionTextFieldTableCell.swift */ = {isa = PBXFileReference; lastKnownFileType = sourcecode.swift; path = TransactionTextFieldTableCell.swift; sourceTree = "<group>"; };
		E1572C3128BC951600800780 /* TransactionTypeTableCell.swift */ = {isa = PBXFileReference; lastKnownFileType = sourcecode.swift; path = TransactionTypeTableCell.swift; sourceTree = "<group>"; };
		E1572C3428BC955C00800780 /* RadioButtonView.swift */ = {isa = PBXFileReference; lastKnownFileType = sourcecode.swift; path = RadioButtonView.swift; sourceTree = "<group>"; };
		E1572C3628BC9DDB00800780 /* RadioButtonOptionView.swift */ = {isa = PBXFileReference; lastKnownFileType = sourcecode.swift; path = RadioButtonOptionView.swift; sourceTree = "<group>"; };
		E1572C3828BCBDBE00800780 /* AddTransactionDatasource.swift */ = {isa = PBXFileReference; lastKnownFileType = sourcecode.swift; path = AddTransactionDatasource.swift; sourceTree = "<group>"; };
		E1572C3C28BCE0A200800780 /* AppStrings.swift */ = {isa = PBXFileReference; lastKnownFileType = sourcecode.swift; path = AppStrings.swift; sourceTree = "<group>"; };
		E1572C3F28BCEFD200800780 /* StringExtension.swift */ = {isa = PBXFileReference; lastKnownFileType = sourcecode.swift; path = StringExtension.swift; sourceTree = "<group>"; };
		E1572C4228BD0C9E00800780 /* DatabaseHelper.swift */ = {isa = PBXFileReference; lastKnownFileType = sourcecode.swift; path = DatabaseHelper.swift; sourceTree = "<group>"; };
		E1572C4428BD0CF700800780 /* ExpensesListDatasource.swift */ = {isa = PBXFileReference; lastKnownFileType = sourcecode.swift; path = ExpensesListDatasource.swift; sourceTree = "<group>"; };
		E1572C4828BD226800800780 /* DateFormatterExtension.swift */ = {isa = PBXFileReference; lastKnownFileType = sourcecode.swift; path = DateFormatterExtension.swift; sourceTree = "<group>"; };
		E1572C4B28BD3E7100800780 /* Logger.swift */ = {isa = PBXFileReference; lastKnownFileType = sourcecode.swift; path = Logger.swift; sourceTree = "<group>"; };
/* End PBXFileReference section */

/* Begin PBXFrameworksBuildPhase section */
		E1572BA428B4006600800780 /* Frameworks */ = {
			isa = PBXFrameworksBuildPhase;
			buildActionMask = 2147483647;
			files = (
			);
			runOnlyForDeploymentPostprocessing = 0;
		};
		E1572BBA28B4006600800780 /* Frameworks */ = {
			isa = PBXFrameworksBuildPhase;
			buildActionMask = 2147483647;
			files = (
			);
			runOnlyForDeploymentPostprocessing = 0;
		};
		E1572BC428B4006600800780 /* Frameworks */ = {
			isa = PBXFrameworksBuildPhase;
			buildActionMask = 2147483647;
			files = (
			);
			runOnlyForDeploymentPostprocessing = 0;
		};
/* End PBXFrameworksBuildPhase section */

/* Begin PBXGroup section */
		E1572B9E28B4006500800780 = {
			isa = PBXGroup;
			children = (
				E1572BA928B4006600800780 /* ExpenseTracker */,
				E1572BC028B4006600800780 /* ExpenseTrackerTests */,
				E1572BCA28B4006600800780 /* ExpenseTrackerUITests */,
				E1572BA828B4006600800780 /* Products */,
			);
			sourceTree = "<group>";
		};
		E1572BA828B4006600800780 /* Products */ = {
			isa = PBXGroup;
			children = (
				E1572BA728B4006600800780 /* ExpenseTracker.app */,
				E1572BBD28B4006600800780 /* ExpenseTrackerTests.xctest */,
				E1572BC728B4006600800780 /* ExpenseTrackerUITests.xctest */,
			);
			name = Products;
			sourceTree = "<group>";
		};
		E1572BA928B4006600800780 /* ExpenseTracker */ = {
			isa = PBXGroup;
			children = (
				E1572BDA28B400E500800780 /* Root */,
				E1572BDB28B400F300800780 /* Modules */,
				E1572BE328B401F900800780 /* Commons */,
				E1572BB328B4006600800780 /* Assets.xcassets */,
				E1572BB528B4006600800780 /* LaunchScreen.storyboard */,
				E1572BB828B4006600800780 /* Info.plist */,
			);
			path = ExpenseTracker;
			sourceTree = "<group>";
		};
		E1572BC028B4006600800780 /* ExpenseTrackerTests */ = {
			isa = PBXGroup;
			children = (
				E1572BC128B4006600800780 /* ExpenseTrackerTests.swift */,
			);
			path = ExpenseTrackerTests;
			sourceTree = "<group>";
		};
		E1572BCA28B4006600800780 /* ExpenseTrackerUITests */ = {
			isa = PBXGroup;
			children = (
				E1572BCB28B4006600800780 /* ExpenseTrackerUITests.swift */,
				E1572BCD28B4006600800780 /* ExpenseTrackerUITestsLaunchTests.swift */,
			);
			path = ExpenseTrackerUITests;
			sourceTree = "<group>";
		};
		E1572BDA28B400E500800780 /* Root */ = {
			isa = PBXGroup;
			children = (
				E1572BAA28B4006600800780 /* AppDelegate.swift */,
				E1572BAC28B4006600800780 /* SceneDelegate.swift */,
			);
			path = Root;
			sourceTree = "<group>";
		};
		E1572BDB28B400F300800780 /* Modules */ = {
			isa = PBXGroup;
			children = (
				E1572BDC28B401A600800780 /* ExpensesList */,
				E1572BE528B4024300800780 /* AddExpense */,
			);
			path = Modules;
			sourceTree = "<group>";
		};
		E1572BDC28B401A600800780 /* ExpensesList */ = {
			isa = PBXGroup;
			children = (
				E1572BDF28B401C700800780 /* Protocols */,
				E1572BDD28B401B300800780 /* View */,
				E1572BE028B401DA00800780 /* Interactor */,
				E1572BDE28B401BC00800780 /* Presenter */,
				E1572BE128B401E000800780 /* Entity */,
				E1572BE428B4021500800780 /* Router */,
			);
			path = ExpensesList;
			sourceTree = "<group>";
		};
		E1572BDD28B401B300800780 /* View */ = {
			isa = PBXGroup;
			children = (
				E1572C4F28BD479600800780 /* Controller */,
				E1572C5028BD479F00800780 /* TableCells */,
			);
			path = View;
			sourceTree = "<group>";
		};
		E1572BDE28B401BC00800780 /* Presenter */ = {
			isa = PBXGroup;
			children = (
				E1572BF228B403A900800780 /* ExpensesListPresenter.swift */,
			);
			path = Presenter;
			sourceTree = "<group>";
		};
		E1572BDF28B401C700800780 /* Protocols */ = {
			isa = PBXGroup;
			children = (
				E1572BEE28B4028F00800780 /* ExpensesListProtocols.swift */,
			);
			path = Protocols;
			sourceTree = "<group>";
		};
		E1572BE028B401DA00800780 /* Interactor */ = {
			isa = PBXGroup;
			children = (
				E1572BF028B4039C00800780 /* ExpensesListInteractor.swift */,
			);
			path = Interactor;
			sourceTree = "<group>";
		};
		E1572BE128B401E000800780 /* Entity */ = {
			isa = PBXGroup;
			children = (
				E1572BF428B403B900800780 /* ExpensesListEntity.swift */,
				E1572C4428BD0CF700800780 /* ExpensesListDatasource.swift */,
			);
			path = Entity;
			sourceTree = "<group>";
		};
		E1572BE328B401F900800780 /* Commons */ = {
			isa = PBXGroup;
			children = (
				E1572C4A28BD3E6800800780 /* Logger */,
				E1572C3E28BCE26800800780 /* Validations */,
				E1572C3B28BCE09500800780 /* Strings */,
				E1572C3328BC954A00800780 /* Views */,
				E1572C1B28B4B6BE00800780 /* Database */,
				E1572C1128B493C700800780 /* Theme */,
				E1572C0C28B4917A00800780 /* Utils */,
				E1572C0728B4903900800780 /* Extensions */,
			);
			path = Commons;
			sourceTree = "<group>";
		};
		E1572BE428B4021500800780 /* Router */ = {
			isa = PBXGroup;
			children = (
				E1572BF628B403C400800780 /* ExpensesListRouter.swift */,
			);
			path = Router;
			sourceTree = "<group>";
		};
		E1572BE528B4024300800780 /* AddExpense */ = {
			isa = PBXGroup;
			children = (
				E1572BE928B4024300800780 /* Protocols */,
				E1572BE828B4024300800780 /* View */,
				E1572BEA28B4024300800780 /* Interactor */,
				E1572BE728B4024300800780 /* Presenter */,
				E1572BE628B4024300800780 /* Entity */,
				E1572BEB28B4024300800780 /* Router */,
			);
			path = AddExpense;
			sourceTree = "<group>";
		};
		E1572BE628B4024300800780 /* Entity */ = {
			isa = PBXGroup;
			children = (
				E1572BF828B40AD600800780 /* AddTransactionEntity.swift */,
				E1572C3828BCBDBE00800780 /* AddTransactionDatasource.swift */,
			);
			path = Entity;
			sourceTree = "<group>";
		};
		E1572BE728B4024300800780 /* Presenter */ = {
			isa = PBXGroup;
			children = (
				E1572BFA28B40AE000800780 /* AddTransactionPresenter.swift */,
			);
			path = Presenter;
			sourceTree = "<group>";
		};
		E1572BE828B4024300800780 /* View */ = {
			isa = PBXGroup;
			children = (
				E1572C3A28BCC78100800780 /* Controller */,
				E1572C2E28BC94BF00800780 /* TableCells */,
			);
			path = View;
			sourceTree = "<group>";
		};
		E1572BE928B4024300800780 /* Protocols */ = {
			isa = PBXGroup;
			children = (
				E1572BFE28B40AFB00800780 /* AddTransactionProtocols.swift */,
			);
			path = Protocols;
			sourceTree = "<group>";
		};
		E1572BEA28B4024300800780 /* Interactor */ = {
			isa = PBXGroup;
			children = (
				E1572C0028B40B0700800780 /* AddTransactionInteractor.swift */,
			);
			path = Interactor;
			sourceTree = "<group>";
		};
		E1572BEB28B4024300800780 /* Router */ = {
			isa = PBXGroup;
			children = (
				E1572C0228B40B1000800780 /* AddTransactionRouter.swift */,
			);
			path = Router;
			sourceTree = "<group>";
		};
		E1572C0728B4903900800780 /* Extensions */ = {
			isa = PBXGroup;
			children = (
				E1572C0828B4904D00800780 /* UITableViewCellExtension.swift */,
				E1572C0A28B490F100800780 /* UITableViewExtension.swift */,
				E1572C1928B49A8A00800780 /* DoubleExtension.swift */,
				E1572C3F28BCEFD200800780 /* StringExtension.swift */,
				E1572C4828BD226800800780 /* DateFormatterExtension.swift */,
			);
			path = Extensions;
			sourceTree = "<group>";
		};
		E1572C0C28B4917A00800780 /* Utils */ = {
			isa = PBXGroup;
			children = (
				E1572C0D28B4918500800780 /* Execute.swift */,
			);
			path = Utils;
			sourceTree = "<group>";
		};
		E1572C1128B493C700800780 /* Theme */ = {
			isa = PBXGroup;
			children = (
				E1572C1228B493D000800780 /* Theme.swift */,
			);
			path = Theme;
			sourceTree = "<group>";
		};
		E1572C1B28B4B6BE00800780 /* Database */ = {
			isa = PBXGroup;
			children = (
				E1572C4128BD0C8D00800780 /* DatabaseManager */,
				E1572C2528B4BA7E00800780 /* ManagedObjects */,
				E1572C1E28B4B74B00800780 /* ExpenseTracker.xcdatamodeld */,
			);
			path = Database;
			sourceTree = "<group>";
		};
		E1572C2528B4BA7E00800780 /* ManagedObjects */ = {
			isa = PBXGroup;
			children = (
				E1572C2A28B4BAED00800780 /* Transaction.swift */,
			);
			path = ManagedObjects;
			sourceTree = "<group>";
		};
		E1572C2E28BC94BF00800780 /* TableCells */ = {
			isa = PBXGroup;
			children = (
				E1572C3128BC951600800780 /* TransactionTypeTableCell.swift */,
				E1572C2F28BC94E800800780 /* TransactionTextFieldTableCell.swift */,
			);
			path = TableCells;
			sourceTree = "<group>";
		};
		E1572C3328BC954A00800780 /* Views */ = {
			isa = PBXGroup;
			children = (
				E1572C3428BC955C00800780 /* RadioButtonView.swift */,
				E1572C3628BC9DDB00800780 /* RadioButtonOptionView.swift */,
			);
			path = Views;
			sourceTree = "<group>";
		};
		E1572C3A28BCC78100800780 /* Controller */ = {
			isa = PBXGroup;
			children = (
				E1572BFC28B40AEC00800780 /* AddTransactionViewController.swift */,
			);
			path = Controller;
			sourceTree = "<group>";
		};
		E1572C3B28BCE09500800780 /* Strings */ = {
			isa = PBXGroup;
			children = (
				E1572C3C28BCE0A200800780 /* AppStrings.swift */,
			);
			path = Strings;
			sourceTree = "<group>";
		};
		E1572C3E28BCE26800800780 /* Validations */ = {
			isa = PBXGroup;
			children = (
			);
			path = Validations;
			sourceTree = "<group>";
		};
		E1572C4128BD0C8D00800780 /* DatabaseManager */ = {
			isa = PBXGroup;
			children = (
				E1572C1C28B4B71F00800780 /* PersistenceContainer.swift */,
				E1572C4228BD0C9E00800780 /* DatabaseHelper.swift */,
			);
			path = DatabaseManager;
			sourceTree = "<group>";
		};
		E1572C4A28BD3E6800800780 /* Logger */ = {
			isa = PBXGroup;
			children = (
				E1572C4B28BD3E7100800780 /* Logger.swift */,
			);
			path = Logger;
			sourceTree = "<group>";
		};
		E1572C4F28BD479600800780 /* Controller */ = {
			isa = PBXGroup;
			children = (
				E1572BEC28B4026800800780 /* ExpensesListViewController.swift */,
			);
			path = Controller;
			sourceTree = "<group>";
		};
		E1572C5028BD479F00800780 /* TableCells */ = {
			isa = PBXGroup;
			children = (
				E1572C0F28B4921A00800780 /* ExpensesListTableViewCell.swift */,
			);
			path = TableCells;
			sourceTree = "<group>";
		};
/* End PBXGroup section */

/* Begin PBXNativeTarget section */
		E1572BA628B4006600800780 /* ExpenseTracker */ = {
			isa = PBXNativeTarget;
			buildConfigurationList = E1572BD128B4006600800780 /* Build configuration list for PBXNativeTarget "ExpenseTracker" */;
			buildPhases = (
				E1572BA328B4006600800780 /* Sources */,
				E1572BA428B4006600800780 /* Frameworks */,
				E1572BA528B4006600800780 /* Resources */,
			);
			buildRules = (
			);
			dependencies = (
			);
			name = ExpenseTracker;
			productName = ExpenseTracker;
			productReference = E1572BA728B4006600800780 /* ExpenseTracker.app */;
			productType = "com.apple.product-type.application";
		};
		E1572BBC28B4006600800780 /* ExpenseTrackerTests */ = {
			isa = PBXNativeTarget;
			buildConfigurationList = E1572BD428B4006600800780 /* Build configuration list for PBXNativeTarget "ExpenseTrackerTests" */;
			buildPhases = (
				E1572BB928B4006600800780 /* Sources */,
				E1572BBA28B4006600800780 /* Frameworks */,
				E1572BBB28B4006600800780 /* Resources */,
			);
			buildRules = (
			);
			dependencies = (
				E1572BBF28B4006600800780 /* PBXTargetDependency */,
			);
			name = ExpenseTrackerTests;
			productName = ExpenseTrackerTests;
			productReference = E1572BBD28B4006600800780 /* ExpenseTrackerTests.xctest */;
			productType = "com.apple.product-type.bundle.unit-test";
		};
		E1572BC628B4006600800780 /* ExpenseTrackerUITests */ = {
			isa = PBXNativeTarget;
			buildConfigurationList = E1572BD728B4006600800780 /* Build configuration list for PBXNativeTarget "ExpenseTrackerUITests" */;
			buildPhases = (
				E1572BC328B4006600800780 /* Sources */,
				E1572BC428B4006600800780 /* Frameworks */,
				E1572BC528B4006600800780 /* Resources */,
			);
			buildRules = (
			);
			dependencies = (
				E1572BC928B4006600800780 /* PBXTargetDependency */,
			);
			name = ExpenseTrackerUITests;
			productName = ExpenseTrackerUITests;
			productReference = E1572BC728B4006600800780 /* ExpenseTrackerUITests.xctest */;
			productType = "com.apple.product-type.bundle.ui-testing";
		};
/* End PBXNativeTarget section */

/* Begin PBXProject section */
		E1572B9F28B4006500800780 /* Project object */ = {
			isa = PBXProject;
			attributes = {
				BuildIndependentTargetsInParallel = 1;
				LastSwiftUpdateCheck = 1310;
				LastUpgradeCheck = 1310;
				TargetAttributes = {
					E1572BA628B4006600800780 = {
						CreatedOnToolsVersion = 13.1;
					};
					E1572BBC28B4006600800780 = {
						CreatedOnToolsVersion = 13.1;
						TestTargetID = E1572BA628B4006600800780;
					};
					E1572BC628B4006600800780 = {
						CreatedOnToolsVersion = 13.1;
						TestTargetID = E1572BA628B4006600800780;
					};
				};
			};
			buildConfigurationList = E1572BA228B4006500800780 /* Build configuration list for PBXProject "ExpenseTracker" */;
			compatibilityVersion = "Xcode 13.0";
			developmentRegion = en;
			hasScannedForEncodings = 0;
			knownRegions = (
				en,
				Base,
			);
			mainGroup = E1572B9E28B4006500800780;
			productRefGroup = E1572BA828B4006600800780 /* Products */;
			projectDirPath = "";
			projectRoot = "";
			targets = (
				E1572BA628B4006600800780 /* ExpenseTracker */,
				E1572BBC28B4006600800780 /* ExpenseTrackerTests */,
				E1572BC628B4006600800780 /* ExpenseTrackerUITests */,
			);
		};
/* End PBXProject section */

/* Begin PBXResourcesBuildPhase section */
		E1572BA528B4006600800780 /* Resources */ = {
			isa = PBXResourcesBuildPhase;
			buildActionMask = 2147483647;
			files = (
				E1572BB728B4006600800780 /* LaunchScreen.storyboard in Resources */,
				E1572BB428B4006600800780 /* Assets.xcassets in Resources */,
			);
			runOnlyForDeploymentPostprocessing = 0;
		};
		E1572BBB28B4006600800780 /* Resources */ = {
			isa = PBXResourcesBuildPhase;
			buildActionMask = 2147483647;
			files = (
			);
			runOnlyForDeploymentPostprocessing = 0;
		};
		E1572BC528B4006600800780 /* Resources */ = {
			isa = PBXResourcesBuildPhase;
			buildActionMask = 2147483647;
			files = (
			);
			runOnlyForDeploymentPostprocessing = 0;
		};
/* End PBXResourcesBuildPhase section */

/* Begin PBXSourcesBuildPhase section */
		E1572BA328B4006600800780 /* Sources */ = {
			isa = PBXSourcesBuildPhase;
			buildActionMask = 2147483647;
			files = (
				E1572C4328BD0C9E00800780 /* DatabaseHelper.swift in Sources */,
				E1572C4528BD0CF700800780 /* ExpensesListDatasource.swift in Sources */,
				E1572BF128B4039C00800780 /* ExpensesListInteractor.swift in Sources */,
				E1572C4028BCEFD200800780 /* StringExtension.swift in Sources */,
				E1572BAB28B4006600800780 /* AppDelegate.swift in Sources */,
				E1572C0928B4904D00800780 /* UITableViewCellExtension.swift in Sources */,
				E1572BFF28B40AFB00800780 /* AddTransactionProtocols.swift in Sources */,
				E1572C2C28B4BAED00800780 /* Transaction.swift in Sources */,
				E1572BF928B40AD600800780 /* AddTransactionEntity.swift in Sources */,
				E1572BFB28B40AE000800780 /* AddTransactionPresenter.swift in Sources */,
				E1572C0128B40B0700800780 /* AddTransactionInteractor.swift in Sources */,
				E1572BAD28B4006600800780 /* SceneDelegate.swift in Sources */,
				E1572BF728B403C400800780 /* ExpensesListRouter.swift in Sources */,
				E1572C0E28B4918500800780 /* Execute.swift in Sources */,
				E1572C3028BC94E800800780 /* TransactionTextFieldTableCell.swift in Sources */,
				E1572C3528BC955C00800780 /* RadioButtonView.swift in Sources */,
				E1572C1028B4921A00800780 /* ExpensesListTableViewCell.swift in Sources */,
				E1572BEF28B4028F00800780 /* ExpensesListProtocols.swift in Sources */,
				E1572BED28B4026800800780 /* ExpensesListViewController.swift in Sources */,
				E1572C1A28B49A8A00800780 /* DoubleExtension.swift in Sources */,
				E1572C1328B493D000800780 /* Theme.swift in Sources */,
				E1572C3D28BCE0A200800780 /* AppStrings.swift in Sources */,
				E1572C3228BC951600800780 /* TransactionTypeTableCell.swift in Sources */,
				E1572C4928BD226800800780 /* DateFormatterExtension.swift in Sources */,
				E1572C4C28BD3E7100800780 /* Logger.swift in Sources */,
				E1572C3928BCBDBE00800780 /* AddTransactionDatasource.swift in Sources */,
				E1572BF528B403B900800780 /* ExpensesListEntity.swift in Sources */,
				E1572C3728BC9DDB00800780 /* RadioButtonOptionView.swift in Sources */,
				E1572C2028B4B74B00800780 /* ExpenseTracker.xcdatamodeld in Sources */,
				E1572C0B28B490F100800780 /* UITableViewExtension.swift in Sources */,
				E1572C0328B40B1000800780 /* AddTransactionRouter.swift in Sources */,
				E1572C1D28B4B71F00800780 /* PersistenceContainer.swift in Sources */,
				E1572BF328B403A900800780 /* ExpensesListPresenter.swift in Sources */,
				E1572BFD28B40AEC00800780 /* AddTransactionViewController.swift in Sources */,
			);
			runOnlyForDeploymentPostprocessing = 0;
		};
		E1572BB928B4006600800780 /* Sources */ = {
			isa = PBXSourcesBuildPhase;
			buildActionMask = 2147483647;
			files = (
				E1572BC228B4006600800780 /* ExpenseTrackerTests.swift in Sources */,
			);
			runOnlyForDeploymentPostprocessing = 0;
		};
		E1572BC328B4006600800780 /* Sources */ = {
			isa = PBXSourcesBuildPhase;
			buildActionMask = 2147483647;
			files = (
				E1572BCE28B4006600800780 /* ExpenseTrackerUITestsLaunchTests.swift in Sources */,
				E1572BCC28B4006600800780 /* ExpenseTrackerUITests.swift in Sources */,
			);
			runOnlyForDeploymentPostprocessing = 0;
		};
/* End PBXSourcesBuildPhase section */

/* Begin PBXTargetDependency section */
		E1572BBF28B4006600800780 /* PBXTargetDependency */ = {
			isa = PBXTargetDependency;
			target = E1572BA628B4006600800780 /* ExpenseTracker */;
			targetProxy = E1572BBE28B4006600800780 /* PBXContainerItemProxy */;
		};
		E1572BC928B4006600800780 /* PBXTargetDependency */ = {
			isa = PBXTargetDependency;
			target = E1572BA628B4006600800780 /* ExpenseTracker */;
			targetProxy = E1572BC828B4006600800780 /* PBXContainerItemProxy */;
		};
/* End PBXTargetDependency section */

/* Begin PBXVariantGroup section */
		E1572BB528B4006600800780 /* LaunchScreen.storyboard */ = {
			isa = PBXVariantGroup;
			children = (
				E1572BB628B4006600800780 /* Base */,
			);
			name = LaunchScreen.storyboard;
			sourceTree = "<group>";
		};
/* End PBXVariantGroup section */

/* Begin XCBuildConfiguration section */
		E1572BCF28B4006600800780 /* Debug */ = {
			isa = XCBuildConfiguration;
			buildSettings = {
				ALWAYS_SEARCH_USER_PATHS = NO;
				CLANG_ANALYZER_NONNULL = YES;
				CLANG_ANALYZER_NUMBER_OBJECT_CONVERSION = YES_AGGRESSIVE;
				CLANG_CXX_LANGUAGE_STANDARD = "gnu++17";
				CLANG_CXX_LIBRARY = "libc++";
				CLANG_ENABLE_MODULES = YES;
				CLANG_ENABLE_OBJC_ARC = YES;
				CLANG_ENABLE_OBJC_WEAK = YES;
				CLANG_WARN_BLOCK_CAPTURE_AUTORELEASING = YES;
				CLANG_WARN_BOOL_CONVERSION = YES;
				CLANG_WARN_COMMA = YES;
				CLANG_WARN_CONSTANT_CONVERSION = YES;
				CLANG_WARN_DEPRECATED_OBJC_IMPLEMENTATIONS = YES;
				CLANG_WARN_DIRECT_OBJC_ISA_USAGE = YES_ERROR;
				CLANG_WARN_DOCUMENTATION_COMMENTS = YES;
				CLANG_WARN_EMPTY_BODY = YES;
				CLANG_WARN_ENUM_CONVERSION = YES;
				CLANG_WARN_INFINITE_RECURSION = YES;
				CLANG_WARN_INT_CONVERSION = YES;
				CLANG_WARN_NON_LITERAL_NULL_CONVERSION = YES;
				CLANG_WARN_OBJC_IMPLICIT_RETAIN_SELF = YES;
				CLANG_WARN_OBJC_LITERAL_CONVERSION = YES;
				CLANG_WARN_OBJC_ROOT_CLASS = YES_ERROR;
				CLANG_WARN_QUOTED_INCLUDE_IN_FRAMEWORK_HEADER = YES;
				CLANG_WARN_RANGE_LOOP_ANALYSIS = YES;
				CLANG_WARN_STRICT_PROTOTYPES = YES;
				CLANG_WARN_SUSPICIOUS_MOVE = YES;
				CLANG_WARN_UNGUARDED_AVAILABILITY = YES_AGGRESSIVE;
				CLANG_WARN_UNREACHABLE_CODE = YES;
				CLANG_WARN__DUPLICATE_METHOD_MATCH = YES;
				COPY_PHASE_STRIP = NO;
				DEBUG_INFORMATION_FORMAT = dwarf;
				ENABLE_STRICT_OBJC_MSGSEND = YES;
				ENABLE_TESTABILITY = YES;
				GCC_C_LANGUAGE_STANDARD = gnu11;
				GCC_DYNAMIC_NO_PIC = NO;
				GCC_NO_COMMON_BLOCKS = YES;
				GCC_OPTIMIZATION_LEVEL = 0;
				GCC_PREPROCESSOR_DEFINITIONS = (
					"DEBUG=1",
					"$(inherited)",
				);
				GCC_WARN_64_TO_32_BIT_CONVERSION = YES;
				GCC_WARN_ABOUT_RETURN_TYPE = YES_ERROR;
				GCC_WARN_UNDECLARED_SELECTOR = YES;
				GCC_WARN_UNINITIALIZED_AUTOS = YES_AGGRESSIVE;
				GCC_WARN_UNUSED_FUNCTION = YES;
				GCC_WARN_UNUSED_VARIABLE = YES;
				IPHONEOS_DEPLOYMENT_TARGET = 15.0;
				MTL_ENABLE_DEBUG_INFO = INCLUDE_SOURCE;
				MTL_FAST_MATH = YES;
				ONLY_ACTIVE_ARCH = YES;
				SDKROOT = iphoneos;
				SWIFT_ACTIVE_COMPILATION_CONDITIONS = DEBUG;
				SWIFT_OPTIMIZATION_LEVEL = "-Onone";
			};
			name = Debug;
		};
		E1572BD028B4006600800780 /* Release */ = {
			isa = XCBuildConfiguration;
			buildSettings = {
				ALWAYS_SEARCH_USER_PATHS = NO;
				CLANG_ANALYZER_NONNULL = YES;
				CLANG_ANALYZER_NUMBER_OBJECT_CONVERSION = YES_AGGRESSIVE;
				CLANG_CXX_LANGUAGE_STANDARD = "gnu++17";
				CLANG_CXX_LIBRARY = "libc++";
				CLANG_ENABLE_MODULES = YES;
				CLANG_ENABLE_OBJC_ARC = YES;
				CLANG_ENABLE_OBJC_WEAK = YES;
				CLANG_WARN_BLOCK_CAPTURE_AUTORELEASING = YES;
				CLANG_WARN_BOOL_CONVERSION = YES;
				CLANG_WARN_COMMA = YES;
				CLANG_WARN_CONSTANT_CONVERSION = YES;
				CLANG_WARN_DEPRECATED_OBJC_IMPLEMENTATIONS = YES;
				CLANG_WARN_DIRECT_OBJC_ISA_USAGE = YES_ERROR;
				CLANG_WARN_DOCUMENTATION_COMMENTS = YES;
				CLANG_WARN_EMPTY_BODY = YES;
				CLANG_WARN_ENUM_CONVERSION = YES;
				CLANG_WARN_INFINITE_RECURSION = YES;
				CLANG_WARN_INT_CONVERSION = YES;
				CLANG_WARN_NON_LITERAL_NULL_CONVERSION = YES;
				CLANG_WARN_OBJC_IMPLICIT_RETAIN_SELF = YES;
				CLANG_WARN_OBJC_LITERAL_CONVERSION = YES;
				CLANG_WARN_OBJC_ROOT_CLASS = YES_ERROR;
				CLANG_WARN_QUOTED_INCLUDE_IN_FRAMEWORK_HEADER = YES;
				CLANG_WARN_RANGE_LOOP_ANALYSIS = YES;
				CLANG_WARN_STRICT_PROTOTYPES = YES;
				CLANG_WARN_SUSPICIOUS_MOVE = YES;
				CLANG_WARN_UNGUARDED_AVAILABILITY = YES_AGGRESSIVE;
				CLANG_WARN_UNREACHABLE_CODE = YES;
				CLANG_WARN__DUPLICATE_METHOD_MATCH = YES;
				COPY_PHASE_STRIP = NO;
				DEBUG_INFORMATION_FORMAT = "dwarf-with-dsym";
				ENABLE_NS_ASSERTIONS = NO;
				ENABLE_STRICT_OBJC_MSGSEND = YES;
				GCC_C_LANGUAGE_STANDARD = gnu11;
				GCC_NO_COMMON_BLOCKS = YES;
				GCC_WARN_64_TO_32_BIT_CONVERSION = YES;
				GCC_WARN_ABOUT_RETURN_TYPE = YES_ERROR;
				GCC_WARN_UNDECLARED_SELECTOR = YES;
				GCC_WARN_UNINITIALIZED_AUTOS = YES_AGGRESSIVE;
				GCC_WARN_UNUSED_FUNCTION = YES;
				GCC_WARN_UNUSED_VARIABLE = YES;
				IPHONEOS_DEPLOYMENT_TARGET = 15.0;
				MTL_ENABLE_DEBUG_INFO = NO;
				MTL_FAST_MATH = YES;
				SDKROOT = iphoneos;
				SWIFT_COMPILATION_MODE = wholemodule;
				SWIFT_OPTIMIZATION_LEVEL = "-O";
				VALIDATE_PRODUCT = YES;
			};
			name = Release;
		};
		E1572BD228B4006600800780 /* Debug */ = {
			isa = XCBuildConfiguration;
			buildSettings = {
				ASSETCATALOG_COMPILER_APPICON_NAME = AppIcon;
				ASSETCATALOG_COMPILER_GLOBAL_ACCENT_COLOR_NAME = AccentColor;
				CODE_SIGN_STYLE = Automatic;
				CURRENT_PROJECT_VERSION = 1;
				DEVELOPMENT_TEAM = XGS5TBSJ2B;
				GENERATE_INFOPLIST_FILE = YES;
				INFOPLIST_FILE = ExpenseTracker/Info.plist;
				INFOPLIST_KEY_CFBundleDisplayName = "Expense Tracker";
				INFOPLIST_KEY_UIApplicationSupportsIndirectInputEvents = YES;
				INFOPLIST_KEY_UILaunchStoryboardName = LaunchScreen;
				INFOPLIST_KEY_UISupportedInterfaceOrientations_iPad = "UIInterfaceOrientationPortrait UIInterfaceOrientationPortraitUpsideDown UIInterfaceOrientationLandscapeLeft UIInterfaceOrientationLandscapeRight";
				INFOPLIST_KEY_UISupportedInterfaceOrientations_iPhone = "UIInterfaceOrientationPortrait UIInterfaceOrientationLandscapeLeft UIInterfaceOrientationLandscapeRight";
				IPHONEOS_DEPLOYMENT_TARGET = 13.0;
				LD_RUNPATH_SEARCH_PATHS = (
					"$(inherited)",
					"@executable_path/Frameworks",
				);
				MARKETING_VERSION = 1.0;
				PRODUCT_BUNDLE_IDENTIFIER = avinash.ExpenseTracker;
				PRODUCT_NAME = "$(TARGET_NAME)";
				SWIFT_EMIT_LOC_STRINGS = YES;
				SWIFT_VERSION = 5.0;
				TARGETED_DEVICE_FAMILY = "1,2";
			};
			name = Debug;
		};
		E1572BD328B4006600800780 /* Release */ = {
			isa = XCBuildConfiguration;
			buildSettings = {
				ASSETCATALOG_COMPILER_APPICON_NAME = AppIcon;
				ASSETCATALOG_COMPILER_GLOBAL_ACCENT_COLOR_NAME = AccentColor;
				CODE_SIGN_STYLE = Automatic;
				CURRENT_PROJECT_VERSION = 1;
				DEVELOPMENT_TEAM = XGS5TBSJ2B;
				GENERATE_INFOPLIST_FILE = YES;
				INFOPLIST_FILE = ExpenseTracker/Info.plist;
				INFOPLIST_KEY_CFBundleDisplayName = "Expense Tracker";
				INFOPLIST_KEY_UIApplicationSupportsIndirectInputEvents = YES;
				INFOPLIST_KEY_UILaunchStoryboardName = LaunchScreen;
				INFOPLIST_KEY_UISupportedInterfaceOrientations_iPad = "UIInterfaceOrientationPortrait UIInterfaceOrientationPortraitUpsideDown UIInterfaceOrientationLandscapeLeft UIInterfaceOrientationLandscapeRight";
				INFOPLIST_KEY_UISupportedInterfaceOrientations_iPhone = "UIInterfaceOrientationPortrait UIInterfaceOrientationLandscapeLeft UIInterfaceOrientationLandscapeRight";
				IPHONEOS_DEPLOYMENT_TARGET = 13.0;
				LD_RUNPATH_SEARCH_PATHS = (
					"$(inherited)",
					"@executable_path/Frameworks",
				);
				MARKETING_VERSION = 1.0;
				PRODUCT_BUNDLE_IDENTIFIER = avinash.ExpenseTracker;
				PRODUCT_NAME = "$(TARGET_NAME)";
				SWIFT_EMIT_LOC_STRINGS = YES;
				SWIFT_VERSION = 5.0;
				TARGETED_DEVICE_FAMILY = "1,2";
			};
			name = Release;
		};
		E1572BD528B4006600800780 /* Debug */ = {
			isa = XCBuildConfiguration;
			buildSettings = {
				ALWAYS_EMBED_SWIFT_STANDARD_LIBRARIES = YES;
				BUNDLE_LOADER = "$(TEST_HOST)";
				CODE_SIGN_STYLE = Automatic;
				CURRENT_PROJECT_VERSION = 1;
				DEVELOPMENT_TEAM = XGS5TBSJ2B;
				GENERATE_INFOPLIST_FILE = YES;
				IPHONEOS_DEPLOYMENT_TARGET = 15.0;
				LD_RUNPATH_SEARCH_PATHS = (
					"$(inherited)",
					"@executable_path/Frameworks",
					"@loader_path/Frameworks",
				);
				MARKETING_VERSION = 1.0;
				PRODUCT_BUNDLE_IDENTIFIER = avinash.ExpenseTrackerTests;
				PRODUCT_NAME = "$(TARGET_NAME)";
				SWIFT_EMIT_LOC_STRINGS = NO;
				SWIFT_VERSION = 5.0;
				TARGETED_DEVICE_FAMILY = "1,2";
				TEST_HOST = "$(BUILT_PRODUCTS_DIR)/ExpenseTracker.app/ExpenseTracker";
			};
			name = Debug;
		};
		E1572BD628B4006600800780 /* Release */ = {
			isa = XCBuildConfiguration;
			buildSettings = {
				ALWAYS_EMBED_SWIFT_STANDARD_LIBRARIES = YES;
				BUNDLE_LOADER = "$(TEST_HOST)";
				CODE_SIGN_STYLE = Automatic;
				CURRENT_PROJECT_VERSION = 1;
				DEVELOPMENT_TEAM = XGS5TBSJ2B;
				GENERATE_INFOPLIST_FILE = YES;
				IPHONEOS_DEPLOYMENT_TARGET = 15.0;
				LD_RUNPATH_SEARCH_PATHS = (
					"$(inherited)",
					"@executable_path/Frameworks",
					"@loader_path/Frameworks",
				);
				MARKETING_VERSION = 1.0;
				PRODUCT_BUNDLE_IDENTIFIER = avinash.ExpenseTrackerTests;
				PRODUCT_NAME = "$(TARGET_NAME)";
				SWIFT_EMIT_LOC_STRINGS = NO;
				SWIFT_VERSION = 5.0;
				TARGETED_DEVICE_FAMILY = "1,2";
				TEST_HOST = "$(BUILT_PRODUCTS_DIR)/ExpenseTracker.app/ExpenseTracker";
			};
			name = Release;
		};
		E1572BD828B4006600800780 /* Debug */ = {
			isa = XCBuildConfiguration;
			buildSettings = {
				ALWAYS_EMBED_SWIFT_STANDARD_LIBRARIES = YES;
				CODE_SIGN_STYLE = Automatic;
				CURRENT_PROJECT_VERSION = 1;
				DEVELOPMENT_TEAM = XGS5TBSJ2B;
				GENERATE_INFOPLIST_FILE = YES;
				LD_RUNPATH_SEARCH_PATHS = (
					"$(inherited)",
					"@executable_path/Frameworks",
					"@loader_path/Frameworks",
				);
				MARKETING_VERSION = 1.0;
				PRODUCT_BUNDLE_IDENTIFIER = avinash.ExpenseTrackerUITests;
				PRODUCT_NAME = "$(TARGET_NAME)";
				SWIFT_EMIT_LOC_STRINGS = NO;
				SWIFT_VERSION = 5.0;
				TARGETED_DEVICE_FAMILY = "1,2";
				TEST_TARGET_NAME = ExpenseTracker;
			};
			name = Debug;
		};
		E1572BD928B4006600800780 /* Release */ = {
			isa = XCBuildConfiguration;
			buildSettings = {
				ALWAYS_EMBED_SWIFT_STANDARD_LIBRARIES = YES;
				CODE_SIGN_STYLE = Automatic;
				CURRENT_PROJECT_VERSION = 1;
				DEVELOPMENT_TEAM = XGS5TBSJ2B;
				GENERATE_INFOPLIST_FILE = YES;
				LD_RUNPATH_SEARCH_PATHS = (
					"$(inherited)",
					"@executable_path/Frameworks",
					"@loader_path/Frameworks",
				);
				MARKETING_VERSION = 1.0;
				PRODUCT_BUNDLE_IDENTIFIER = avinash.ExpenseTrackerUITests;
				PRODUCT_NAME = "$(TARGET_NAME)";
				SWIFT_EMIT_LOC_STRINGS = NO;
				SWIFT_VERSION = 5.0;
				TARGETED_DEVICE_FAMILY = "1,2";
				TEST_TARGET_NAME = ExpenseTracker;
			};
			name = Release;
		};
/* End XCBuildConfiguration section */

/* Begin XCConfigurationList section */
		E1572BA228B4006500800780 /* Build configuration list for PBXProject "ExpenseTracker" */ = {
			isa = XCConfigurationList;
			buildConfigurations = (
				E1572BCF28B4006600800780 /* Debug */,
				E1572BD028B4006600800780 /* Release */,
			);
			defaultConfigurationIsVisible = 0;
			defaultConfigurationName = Release;
		};
		E1572BD128B4006600800780 /* Build configuration list for PBXNativeTarget "ExpenseTracker" */ = {
			isa = XCConfigurationList;
			buildConfigurations = (
				E1572BD228B4006600800780 /* Debug */,
				E1572BD328B4006600800780 /* Release */,
			);
			defaultConfigurationIsVisible = 0;
			defaultConfigurationName = Release;
		};
		E1572BD428B4006600800780 /* Build configuration list for PBXNativeTarget "ExpenseTrackerTests" */ = {
			isa = XCConfigurationList;
			buildConfigurations = (
				E1572BD528B4006600800780 /* Debug */,
				E1572BD628B4006600800780 /* Release */,
			);
			defaultConfigurationIsVisible = 0;
			defaultConfigurationName = Release;
		};
		E1572BD728B4006600800780 /* Build configuration list for PBXNativeTarget "ExpenseTrackerUITests" */ = {
			isa = XCConfigurationList;
			buildConfigurations = (
				E1572BD828B4006600800780 /* Debug */,
				E1572BD928B4006600800780 /* Release */,
			);
			defaultConfigurationIsVisible = 0;
			defaultConfigurationName = Release;
		};
/* End XCConfigurationList section */

/* Begin XCVersionGroup section */
		E1572C1E28B4B74B00800780 /* ExpenseTracker.xcdatamodeld */ = {
			isa = XCVersionGroup;
			children = (
				E1572C1F28B4B74B00800780 /* ExpenseTracker.xcdatamodel */,
			);
			currentVersion = E1572C1F28B4B74B00800780 /* ExpenseTracker.xcdatamodel */;
			path = ExpenseTracker.xcdatamodeld;
			sourceTree = "<group>";
			versionGroupType = wrapper.xcdatamodel;
		};
/* End XCVersionGroup section */
	};
	rootObject = E1572B9F28B4006500800780 /* Project object */;
}
